
Microsoft Visual Studio Solution File, Format Version 12.00
# Visual Studio Version 17
VisualStudioVersion = 17.5.33424.131
MinimumVisualStudioVersion = 10.0.40219.1
Project("{888888A0-9F3D-457C-B088-3A5042F75D52}") = "DiffEq", "DiffEq\DiffEq.pyproj", "{73D08F09-F763-4285-BCE0-CA6025BA0E8B}"
EndProject
Project("{9A19103F-16F7-4668-BE54-9A1E7A4F7556}") = "MathTests", "MathTests\MathTests.csproj", "{B280C45E-24D5-4BA4-8DEB-14FF867D2CC3}"
EndProject
Project("{9A19103F-16F7-4668-BE54-9A1E7A4F7556}") = "MathLibrary", "MathLibrary\MathLibrary.csproj", "{00D1BA31-C603-4D0C-B640-7710DCDD88D5}"
EndProject
Project("{9A19103F-16F7-4668-BE54-9A1E7A4F7556}") = "Statistics", "Statistics\Statistics.csproj", "{94D2B97E-5172-40EB-85C5-6C22D79FCD5B}"
EndProject
Project("{9A19103F-16F7-4668-BE54-9A1E7A4F7556}") = "Imaging", "Imaging\Imaging.csproj", "{C7D0492A-3355-4F16-A6CA-469586672C8F}"
EndProject
Project("{9A19103F-16F7-4668-BE54-9A1E7A4F7556}") = "BaysianClassifier", "BaysianClassifier\BaysianClassifier.csproj", "{514592F3-C4A8-4A81-A5B5-797E52D87F2A}"
EndProject
Project("{2150E333-8FDC-42A3-9474-1A3956D46DE8}") = "Solution Items", "Solution Items", "{4F27518E-8CE4-4608-88DB-1FA7AD0B5AB7}"
	ProjectSection(SolutionItems) = preProject
		.github\workflows\msbuild.yml = .github\workflows\msbuild.yml
	EndProjectSection
EndProject
Global
	GlobalSection(SolutionConfigurationPlatforms) = preSolution
		Debug|Any CPU = Debug|Any CPU
		Release|Any CPU = Release|Any CPU
	EndGlobalSection
	GlobalSection(ProjectConfigurationPlatforms) = postSolution
		{73D08F09-F763-4285-BCE0-CA6025BA0E8B}.Debug|Any CPU.ActiveCfg = Debug|Any CPU
		{73D08F09-F763-4285-BCE0-CA6025BA0E8B}.Release|Any CPU.ActiveCfg = Release|Any CPU
		{B280C45E-24D5-4BA4-8DEB-14FF867D2CC3}.Debug|Any CPU.ActiveCfg = Debug|Any CPU
		{B280C45E-24D5-4BA4-8DEB-14FF867D2CC3}.Debug|Any CPU.Build.0 = Debug|Any CPU
		{B280C45E-24D5-4BA4-8DEB-14FF867D2CC3}.Release|Any CPU.ActiveCfg = Release|Any CPU
		{B280C45E-24D5-4BA4-8DEB-14FF867D2CC3}.Release|Any CPU.Build.0 = Release|Any CPU
		{00D1BA31-C603-4D0C-B640-7710DCDD88D5}.Debug|Any CPU.ActiveCfg = Debug|Any CPU
		{00D1BA31-C603-4D0C-B640-7710DCDD88D5}.Debug|Any CPU.Build.0 = Debug|Any CPU
		{00D1BA31-C603-4D0C-B640-7710DCDD88D5}.Release|Any CPU.ActiveCfg = Release|Any CPU
		{00D1BA31-C603-4D0C-B640-7710DCDD88D5}.Release|Any CPU.Build.0 = Release|Any CPU
		{94D2B97E-5172-40EB-85C5-6C22D79FCD5B}.Debug|Any CPU.ActiveCfg = Debug|Any CPU
		{94D2B97E-5172-40EB-85C5-6C22D79FCD5B}.Debug|Any CPU.Build.0 = Debug|Any CPU
		{94D2B97E-5172-40EB-85C5-6C22D79FCD5B}.Release|Any CPU.ActiveCfg = Release|Any CPU
		{94D2B97E-5172-40EB-85C5-6C22D79FCD5B}.Release|Any CPU.Build.0 = Release|Any CPU
		{C7D0492A-3355-4F16-A6CA-469586672C8F}.Debug|Any CPU.ActiveCfg = Debug|Any CPU
		{C7D0492A-3355-4F16-A6CA-469586672C8F}.Debug|Any CPU.Build.0 = Debug|Any CPU
		{C7D0492A-3355-4F16-A6CA-469586672C8F}.Release|Any CPU.ActiveCfg = Release|Any CPU
		{C7D0492A-3355-4F16-A6CA-469586672C8F}.Release|Any CPU.Build.0 = Release|Any CPU
		{514592F3-C4A8-4A81-A5B5-797E52D87F2A}.Debug|Any CPU.ActiveCfg = Debug|Any CPU
		{514592F3-C4A8-4A81-A5B5-797E52D87F2A}.Debug|Any CPU.Build.0 = Debug|Any CPU
		{514592F3-C4A8-4A81-A5B5-797E52D87F2A}.Release|Any CPU.ActiveCfg = Release|Any CPU
		{514592F3-C4A8-4A81-A5B5-797E52D87F2A}.Release|Any CPU.Build.0 = Release|Any CPU
	EndGlobalSection
	GlobalSection(SolutionProperties) = preSolution
		HideSolutionNode = FALSE
	EndGlobalSection
	GlobalSection(ExtensibilityGlobals) = postSolution
		SolutionGuid = {95640B19-759C-4294-8A50-BDA29F1691A0}
	EndGlobalSection
	GlobalSection(MonoDevelopProperties) = preSolution
		StartupItem = TestCode\TestCode.csproj
	EndGlobalSection
EndGlobal
